
Microsoft Visual Studio Solution File, Format Version 12.00
# Visual Studio Version 16
VisualStudioVersion = 16.0.30204.135
MinimumVisualStudioVersion = 10.0.40219.1
Project("{FAE04EC0-301F-11D3-BF4B-00C04F79EFBC}") = "LendoCSV", "LendoCSV\LendoCSV.csproj", "{2A099608-0C96-41A9-84BC-76A47E63D291}"
EndProject
Global
	GlobalSection(SolutionConfigurationPlatforms) = preSolution
		Debug|Any CPU = Debug|Any CPU
		Release|Any CPU = Release|Any CPU
	EndGlobalSection
	GlobalSection(ProjectConfigurationPlatforms) = postSolution
		{2A099608-0C96-41A9-84BC-76A47E63D291}.Debug|Any CPU.ActiveCfg = Debug|Any CPU
		{2A099608-0C96-41A9-84BC-76A47E63D291}.Debug|Any CPU.Build.0 = Debug|Any CPU
		{2A099608-0C96-41A9-84BC-76A47E63D291}.Release|Any CPU.ActiveCfg = Release|Any CPU
		{2A099608-0C96-41A9-84BC-76A47E63D291}.Release|Any CPU.Build.0 = Release|Any CPU
	EndGlobalSection
	GlobalSection(SolutionProperties) = preSolution
		HideSolutionNode = FALSE
	EndGlobalSection
	GlobalSection(ExtensibilityGlobals) = postSolution
		SolutionGuid = {DAB12CC6-9738-4837-824F-34A129818DCF}
	EndGlobalSection
EndGlobal
